
Microsoft Visual Studio Solution File, Format Version 12.00
# Visual Studio 14
VisualStudioVersion = 14.0.25420.1
MinimumVisualStudioVersion = 10.0.40219.1
Project("{FAE04EC0-301F-11D3-BF4B-00C04F79EFBC}") = "BCS", "BCS\BCS.csproj", "{B1ACC514-1B86-44F6-B3A1-3E118288D6CF}"
EndProject
Project("{2150E333-8FDC-42A3-9474-1A3956D46DE8}") = "0.References", "0.References", "{53C73708-B99C-462B-ADA3-A1789E2F31EA}"
	ProjectSection(SolutionItems) = preProject
		References\antlr.runtime.dll = References\antlr.runtime.dll
		References\AutoMapper.dll = References\AutoMapper.dll
		References\AutoMapper.pdb = References\AutoMapper.pdb
		References\AutoMapper.xml = References\AutoMapper.xml
		References\Castle.Core.dll = References\Castle.Core.dll
		References\Castle.Facilities.Logging.dll = References\Castle.Facilities.Logging.dll
		References\Castle.Facilities.WcfIntegration.dll = References\Castle.Facilities.WcfIntegration.dll
		References\Castle.Services.Logging.Log4netIntegration.dll = References\Castle.Services.Logging.Log4netIntegration.dll
		References\Castle.Windsor.dll = References\Castle.Windsor.dll
		References\Castle.Windsor.xml = References\Castle.Windsor.xml
		References\Commons.Web.Mvc.PrecompiledViews.dll = References\Commons.Web.Mvc.PrecompiledViews.dll
		References\Dapper.dll = References\Dapper.dll
		References\Dapper.dll.config = References\Dapper.dll.config
		References\DocumentFormat.OpenXml.dll = References\DocumentFormat.OpenXml.dll
		References\EntityFramework.dll = References\EntityFramework.dll
		References\EntityFramework.xml = References\EntityFramework.xml
		References\Enyim.Caching.dll = References\Enyim.Caching.dll
		References\Enyim.Caching.pdb = References\Enyim.Caching.pdb
		References\Enyim.Caching.xml = References\Enyim.Caching.xml
		References\Ionic.Zip.dll = References\Ionic.Zip.dll
		References\itextsharp.dll = References\itextsharp.dll
		References\Kendo.Mvc.dll = References\Kendo.Mvc.dll
		References\log4net.dll = References\log4net.dll
		References\log4net.xml = References\log4net.xml
		References\Microsoft.AspNet.Identity.Core.dll = References\Microsoft.AspNet.Identity.Core.dll
		References\Microsoft.AspNet.Identity.Core.xml = References\Microsoft.AspNet.Identity.Core.xml
		References\Microsoft.AspNet.Identity.Owin.dll = References\Microsoft.AspNet.Identity.Owin.dll
		References\Microsoft.AspNet.Identity.Owin.xml = References\Microsoft.AspNet.Identity.Owin.xml
		References\Microsoft.AspNet.SignalR.Core.dll = References\Microsoft.AspNet.SignalR.Core.dll
		References\Microsoft.AspNet.SignalR.Core.xml = References\Microsoft.AspNet.SignalR.Core.xml
		References\Microsoft.AspNet.SignalR.SystemWeb.dll = References\Microsoft.AspNet.SignalR.SystemWeb.dll
		References\Microsoft.AspNet.SignalR.SystemWeb.XML = References\Microsoft.AspNet.SignalR.SystemWeb.XML
		References\Microsoft.Exchange.WebServices.dll = References\Microsoft.Exchange.WebServices.dll
		References\Microsoft.Exchange.WebServices.xml = References\Microsoft.Exchange.WebServices.xml
		References\Microsoft.Office.Interop.Excel.dll = References\Microsoft.Office.Interop.Excel.dll
		References\Microsoft.Office.Interop.Word.dll = References\Microsoft.Office.Interop.Word.dll
		References\Microsoft.Owin.Cors.dll = References\Microsoft.Owin.Cors.dll
		References\Microsoft.Owin.Cors.XML = References\Microsoft.Owin.Cors.XML
		References\Microsoft.Owin.dll = References\Microsoft.Owin.dll
		References\Microsoft.Owin.Host.HttpListener.dll = References\Microsoft.Owin.Host.HttpListener.dll
		References\Microsoft.Owin.Host.HttpListener.xml = References\Microsoft.Owin.Host.HttpListener.xml
		References\Microsoft.Owin.Host.SystemWeb.dll = References\Microsoft.Owin.Host.SystemWeb.dll
		References\Microsoft.Owin.Host.SystemWeb.xml = References\Microsoft.Owin.Host.SystemWeb.xml
		References\Microsoft.Owin.Hosting.dll = References\Microsoft.Owin.Hosting.dll
		References\Microsoft.Owin.Hosting.XML = References\Microsoft.Owin.Hosting.XML
		References\Microsoft.Owin.Security.Cookies.dll = References\Microsoft.Owin.Security.Cookies.dll
		References\Microsoft.Owin.Security.Cookies.xml = References\Microsoft.Owin.Security.Cookies.xml
		References\Microsoft.Owin.Security.dll = References\Microsoft.Owin.Security.dll
		References\Microsoft.Owin.Security.OAuth.dll = References\Microsoft.Owin.Security.OAuth.dll
		References\Microsoft.Owin.Security.OAuth.XML = References\Microsoft.Owin.Security.OAuth.XML
		References\Microsoft.Owin.Security.XML = References\Microsoft.Owin.Security.XML
		References\Microsoft.Owin.XML = References\Microsoft.Owin.XML
		References\MiniProfiler.dll = References\MiniProfiler.dll
		References\MiniProfiler.xml = References\MiniProfiler.xml
		References\Newtonsoft.Json.dll = References\Newtonsoft.Json.dll
		References\Newtonsoft.Json.xml = References\Newtonsoft.Json.xml
		References\nunit.framework.dll = References\nunit.framework.dll
		References\Owin.dll = References\Owin.dll
		References\Quartz.dll = References\Quartz.dll
		References\Quartz.xml = References\Quartz.xml
		References\RestSharp.dll = References\RestSharp.dll
		References\SendGrid.SmtpApi.dll = References\SendGrid.SmtpApi.dll
		References\SprightlySoftAWS.xml = References\SprightlySoftAWS.xml
		References\StringTemplate.dll = References\StringTemplate.dll
		References\System.Net.Http.Formatting.dll = References\System.Net.Http.Formatting.dll
		References\System.Net.Http.Formatting.xml = References\System.Net.Http.Formatting.xml
		References\System.Web.Cors.dll = References\System.Web.Cors.dll
		References\System.Web.Helpers.dll = References\System.Web.Helpers.dll
		References\System.Web.Helpers.xml = References\System.Web.Helpers.xml
		References\System.Web.Http.dll = References\System.Web.Http.dll
		References\System.Web.Http.Owin.dll = References\System.Web.Http.Owin.dll
		References\System.Web.Http.Owin.xml = References\System.Web.Http.Owin.xml
		References\System.Web.Http.xml = References\System.Web.Http.xml
		References\System.Web.Mvc.dll = References\System.Web.Mvc.dll
		References\System.Web.Mvc.xml = References\System.Web.Mvc.xml
		References\System.Web.Optimization.dll = References\System.Web.Optimization.dll
		References\system.web.optimization.xml = References\system.web.optimization.xml
		References\System.Web.Providers.dll = References\System.Web.Providers.dll
		References\System.Web.Razor.dll = References\System.Web.Razor.dll
		References\System.Web.Razor.xml = References\System.Web.Razor.xml
		References\System.Web.WebPages.Deployment.dll = References\System.Web.WebPages.Deployment.dll
		References\System.Web.WebPages.Deployment.xml = References\System.Web.WebPages.Deployment.xml
		References\System.Web.WebPages.dll = References\System.Web.WebPages.dll
		References\System.Web.WebPages.Razor.dll = References\System.Web.WebPages.Razor.dll
		References\System.Web.WebPages.Razor.xml = References\System.Web.WebPages.Razor.xml
		References\System.Web.WebPages.xml = References\System.Web.WebPages.xml
		References\WebGrease.dll = References\WebGrease.dll
	EndProjectSection
EndProject
Project("{FAE04EC0-301F-11D3-BF4B-00C04F79EFBC}") = "BCS.Framework", "BCS.Framework\BCS.Framework.csproj", "{36546059-04B9-492B-89D8-6480F4758EBD}"
EndProject
Project("{2150E333-8FDC-42A3-9474-1A3956D46DE8}") = "1.Framework", "1.Framework", "{6D5F8F68-4BF4-44B2-A286-69B540BCFD3E}"
EndProject
Project("{2150E333-8FDC-42A3-9474-1A3956D46DE8}") = "2.Business", "2.Business", "{D63ABC1D-8401-4FEC-B91F-B5C12D0C92CC}"
EndProject
Project("{2150E333-8FDC-42A3-9474-1A3956D46DE8}") = "3.Presentation", "3.Presentation", "{5A4C3D1F-6587-461F-896C-F29776FD019D}"
EndProject
Project("{2150E333-8FDC-42A3-9474-1A3956D46DE8}") = "4.Databases", "4.Databases", "{56CB3D8A-FDCE-4B0A-BA8F-37D133953BA0}"
EndProject
Project("{00D1A9C2-B5F0-4AF3-8072-F6C62B433612}") = "BCS.Database", "BCS.Database\BCS.Database.sqlproj", "{2B09CD4C-C444-4E55-8915-23C6AE40AE88}"
EndProject
Project("{FAE04EC0-301F-11D3-BF4B-00C04F79EFBC}") = "BCS.FW", "BCS.FW\BCS.FW.csproj", "{ED8AE0E6-32F8-4184-BD34-D4BCDA33F212}"
EndProject
Project("{FAE04EC0-301F-11D3-BF4B-00C04F79EFBC}") = "BCS.Web", "BCS.Web\BCS.Web.csproj", "{40E05A44-1BB9-43E6-AC49-E5602D82BAA3}"
EndProject
Global
	GlobalSection(SolutionConfigurationPlatforms) = preSolution
		alpha|Any CPU = alpha|Any CPU
		Debug|Any CPU = Debug|Any CPU
		Demo|Any CPU = Demo|Any CPU
		Dev|Any CPU = Dev|Any CPU
		Qa|Any CPU = Qa|Any CPU
		QaMi|Any CPU = QaMi|Any CPU
		Release|Any CPU = Release|Any CPU
		Staging|Any CPU = Staging|Any CPU
	EndGlobalSection
	GlobalSection(ProjectConfigurationPlatforms) = postSolution
		{B1ACC514-1B86-44F6-B3A1-3E118288D6CF}.alpha|Any CPU.ActiveCfg = alpha|Any CPU
		{B1ACC514-1B86-44F6-B3A1-3E118288D6CF}.alpha|Any CPU.Build.0 = alpha|Any CPU
		{B1ACC514-1B86-44F6-B3A1-3E118288D6CF}.Debug|Any CPU.ActiveCfg = Debug|Any CPU
		{B1ACC514-1B86-44F6-B3A1-3E118288D6CF}.Debug|Any CPU.Build.0 = Debug|Any CPU
		{B1ACC514-1B86-44F6-B3A1-3E118288D6CF}.Demo|Any CPU.ActiveCfg = Debug|Any CPU
		{B1ACC514-1B86-44F6-B3A1-3E118288D6CF}.Demo|Any CPU.Build.0 = Debug|Any CPU
		{B1ACC514-1B86-44F6-B3A1-3E118288D6CF}.Dev|Any CPU.ActiveCfg = Debug|Any CPU
		{B1ACC514-1B86-44F6-B3A1-3E118288D6CF}.Dev|Any CPU.Build.0 = Debug|Any CPU
		{B1ACC514-1B86-44F6-B3A1-3E118288D6CF}.Qa|Any CPU.ActiveCfg = Release|Any CPU
		{B1ACC514-1B86-44F6-B3A1-3E118288D6CF}.Qa|Any CPU.Build.0 = Release|Any CPU
		{B1ACC514-1B86-44F6-B3A1-3E118288D6CF}.QaMi|Any CPU.ActiveCfg = Release|Any CPU
		{B1ACC514-1B86-44F6-B3A1-3E118288D6CF}.QaMi|Any CPU.Build.0 = Release|Any CPU
		{B1ACC514-1B86-44F6-B3A1-3E118288D6CF}.Release|Any CPU.ActiveCfg = Release|Any CPU
		{B1ACC514-1B86-44F6-B3A1-3E118288D6CF}.Release|Any CPU.Build.0 = Release|Any CPU
		{B1ACC514-1B86-44F6-B3A1-3E118288D6CF}.Staging|Any CPU.ActiveCfg = Release|Any CPU
		{B1ACC514-1B86-44F6-B3A1-3E118288D6CF}.Staging|Any CPU.Build.0 = Release|Any CPU
		{36546059-04B9-492B-89D8-6480F4758EBD}.alpha|Any CPU.ActiveCfg = alpha|Any CPU
		{36546059-04B9-492B-89D8-6480F4758EBD}.alpha|Any CPU.Build.0 = alpha|Any CPU
		{36546059-04B9-492B-89D8-6480F4758EBD}.Debug|Any CPU.ActiveCfg = Debug|Any CPU
		{36546059-04B9-492B-89D8-6480F4758EBD}.Debug|Any CPU.Build.0 = Debug|Any CPU
		{36546059-04B9-492B-89D8-6480F4758EBD}.Demo|Any CPU.ActiveCfg = Demo|Any CPU
		{36546059-04B9-492B-89D8-6480F4758EBD}.Demo|Any CPU.Build.0 = Demo|Any CPU
		{36546059-04B9-492B-89D8-6480F4758EBD}.Dev|Any CPU.ActiveCfg = Dev|Any CPU
		{36546059-04B9-492B-89D8-6480F4758EBD}.Dev|Any CPU.Build.0 = Dev|Any CPU
		{36546059-04B9-492B-89D8-6480F4758EBD}.Qa|Any CPU.ActiveCfg = Qa|Any CPU
		{36546059-04B9-492B-89D8-6480F4758EBD}.Qa|Any CPU.Build.0 = Qa|Any CPU
		{36546059-04B9-492B-89D8-6480F4758EBD}.QaMi|Any CPU.ActiveCfg = QaMi|Any CPU
		{36546059-04B9-492B-89D8-6480F4758EBD}.QaMi|Any CPU.Build.0 = QaMi|Any CPU
		{36546059-04B9-492B-89D8-6480F4758EBD}.Release|Any CPU.ActiveCfg = Release|Any CPU
		{36546059-04B9-492B-89D8-6480F4758EBD}.Release|Any CPU.Build.0 = Release|Any CPU
		{36546059-04B9-492B-89D8-6480F4758EBD}.Staging|Any CPU.ActiveCfg = Staging|Any CPU
		{36546059-04B9-492B-89D8-6480F4758EBD}.Staging|Any CPU.Build.0 = Staging|Any CPU
		{2B09CD4C-C444-4E55-8915-23C6AE40AE88}.alpha|Any CPU.ActiveCfg = alpha|Any CPU
		{2B09CD4C-C444-4E55-8915-23C6AE40AE88}.alpha|Any CPU.Build.0 = alpha|Any CPU
		{2B09CD4C-C444-4E55-8915-23C6AE40AE88}.alpha|Any CPU.Deploy.0 = alpha|Any CPU
		{2B09CD4C-C444-4E55-8915-23C6AE40AE88}.Debug|Any CPU.ActiveCfg = Debug|Any CPU
		{2B09CD4C-C444-4E55-8915-23C6AE40AE88}.Debug|Any CPU.Build.0 = Debug|Any CPU
		{2B09CD4C-C444-4E55-8915-23C6AE40AE88}.Debug|Any CPU.Deploy.0 = Debug|Any CPU
		{2B09CD4C-C444-4E55-8915-23C6AE40AE88}.Demo|Any CPU.ActiveCfg = Debug|Any CPU
		{2B09CD4C-C444-4E55-8915-23C6AE40AE88}.Demo|Any CPU.Build.0 = Debug|Any CPU
		{2B09CD4C-C444-4E55-8915-23C6AE40AE88}.Demo|Any CPU.Deploy.0 = Debug|Any CPU
		{2B09CD4C-C444-4E55-8915-23C6AE40AE88}.Dev|Any CPU.ActiveCfg = Debug|Any CPU
		{2B09CD4C-C444-4E55-8915-23C6AE40AE88}.Dev|Any CPU.Build.0 = Debug|Any CPU
		{2B09CD4C-C444-4E55-8915-23C6AE40AE88}.Dev|Any CPU.Deploy.0 = Debug|Any CPU
		{2B09CD4C-C444-4E55-8915-23C6AE40AE88}.Qa|Any CPU.ActiveCfg = Release|Any CPU
		{2B09CD4C-C444-4E55-8915-23C6AE40AE88}.Qa|Any CPU.Build.0 = Release|Any CPU
		{2B09CD4C-C444-4E55-8915-23C6AE40AE88}.Qa|Any CPU.Deploy.0 = Release|Any CPU
		{2B09CD4C-C444-4E55-8915-23C6AE40AE88}.QaMi|Any CPU.ActiveCfg = Release|Any CPU
		{2B09CD4C-C444-4E55-8915-23C6AE40AE88}.QaMi|Any CPU.Build.0 = Release|Any CPU
		{2B09CD4C-C444-4E55-8915-23C6AE40AE88}.QaMi|Any CPU.Deploy.0 = Release|Any CPU
		{2B09CD4C-C444-4E55-8915-23C6AE40AE88}.Release|Any CPU.ActiveCfg = Release|Any CPU
		{2B09CD4C-C444-4E55-8915-23C6AE40AE88}.Release|Any CPU.Build.0 = Release|Any CPU
		{2B09CD4C-C444-4E55-8915-23C6AE40AE88}.Release|Any CPU.Deploy.0 = Release|Any CPU
		{2B09CD4C-C444-4E55-8915-23C6AE40AE88}.Staging|Any CPU.ActiveCfg = Debug|Any CPU
		{2B09CD4C-C444-4E55-8915-23C6AE40AE88}.Staging|Any CPU.Build.0 = Debug|Any CPU
		{2B09CD4C-C444-4E55-8915-23C6AE40AE88}.Staging|Any CPU.Deploy.0 = Debug|Any CPU
		{ED8AE0E6-32F8-4184-BD34-D4BCDA33F212}.alpha|Any CPU.ActiveCfg = Release|Any CPU
		{ED8AE0E6-32F8-4184-BD34-D4BCDA33F212}.alpha|Any CPU.Build.0 = Release|Any CPU
		{ED8AE0E6-32F8-4184-BD34-D4BCDA33F212}.Debug|Any CPU.ActiveCfg = Debug|Any CPU
		{ED8AE0E6-32F8-4184-BD34-D4BCDA33F212}.Debug|Any CPU.Build.0 = Debug|Any CPU
		{ED8AE0E6-32F8-4184-BD34-D4BCDA33F212}.Demo|Any CPU.ActiveCfg = Debug|Any CPU
		{ED8AE0E6-32F8-4184-BD34-D4BCDA33F212}.Demo|Any CPU.Build.0 = Debug|Any CPU
		{ED8AE0E6-32F8-4184-BD34-D4BCDA33F212}.Dev|Any CPU.ActiveCfg = Debug|Any CPU
		{ED8AE0E6-32F8-4184-BD34-D4BCDA33F212}.Dev|Any CPU.Build.0 = Debug|Any CPU
		{ED8AE0E6-32F8-4184-BD34-D4BCDA33F212}.Qa|Any CPU.ActiveCfg = Debug|Any CPU
		{ED8AE0E6-32F8-4184-BD34-D4BCDA33F212}.Qa|Any CPU.Build.0 = Debug|Any CPU
		{ED8AE0E6-32F8-4184-BD34-D4BCDA33F212}.QaMi|Any CPU.ActiveCfg = Debug|Any CPU
		{ED8AE0E6-32F8-4184-BD34-D4BCDA33F212}.QaMi|Any CPU.Build.0 = Debug|Any CPU
		{ED8AE0E6-32F8-4184-BD34-D4BCDA33F212}.Release|Any CPU.ActiveCfg = Release|Any CPU
		{ED8AE0E6-32F8-4184-BD34-D4BCDA33F212}.Release|Any CPU.Build.0 = Release|Any CPU
		{ED8AE0E6-32F8-4184-BD34-D4BCDA33F212}.Staging|Any CPU.ActiveCfg = Release|Any CPU
		{ED8AE0E6-32F8-4184-BD34-D4BCDA33F212}.Staging|Any CPU.Build.0 = Release|Any CPU
		{40E05A44-1BB9-43E6-AC49-E5602D82BAA3}.alpha|Any CPU.ActiveCfg = alpha|Any CPU
		{40E05A44-1BB9-43E6-AC49-E5602D82BAA3}.alpha|Any CPU.Build.0 = alpha|Any CPU
		{40E05A44-1BB9-43E6-AC49-E5602D82BAA3}.Debug|Any CPU.ActiveCfg = Debug|Any CPU
		{40E05A44-1BB9-43E6-AC49-E5602D82BAA3}.Debug|Any CPU.Build.0 = Debug|Any CPU
		{40E05A44-1BB9-43E6-AC49-E5602D82BAA3}.Demo|Any CPU.ActiveCfg = Demo|Any CPU
		{40E05A44-1BB9-43E6-AC49-E5602D82BAA3}.Demo|Any CPU.Build.0 = Demo|Any CPU
		{40E05A44-1BB9-43E6-AC49-E5602D82BAA3}.Dev|Any CPU.ActiveCfg = Dev|Any CPU
		{40E05A44-1BB9-43E6-AC49-E5602D82BAA3}.Dev|Any CPU.Build.0 = Dev|Any CPU
		{40E05A44-1BB9-43E6-AC49-E5602D82BAA3}.Qa|Any CPU.ActiveCfg = Qa|Any CPU
		{40E05A44-1BB9-43E6-AC49-E5602D82BAA3}.Qa|Any CPU.Build.0 = Qa|Any CPU
		{40E05A44-1BB9-43E6-AC49-E5602D82BAA3}.QaMi|Any CPU.ActiveCfg = QaMi|Any CPU
		{40E05A44-1BB9-43E6-AC49-E5602D82BAA3}.QaMi|Any CPU.Build.0 = QaMi|Any CPU
		{40E05A44-1BB9-43E6-AC49-E5602D82BAA3}.Release|Any CPU.ActiveCfg = Release|Any CPU
		{40E05A44-1BB9-43E6-AC49-E5602D82BAA3}.Release|Any CPU.Build.0 = Release|Any CPU
		{40E05A44-1BB9-43E6-AC49-E5602D82BAA3}.Staging|Any CPU.ActiveCfg = Staging|Any CPU
		{40E05A44-1BB9-43E6-AC49-E5602D82BAA3}.Staging|Any CPU.Build.0 = Staging|Any CPU
	EndGlobalSection
	GlobalSection(SolutionProperties) = preSolution
		HideSolutionNode = FALSE
	EndGlobalSection
	GlobalSection(NestedProjects) = preSolution
		{B1ACC514-1B86-44F6-B3A1-3E118288D6CF} = {D63ABC1D-8401-4FEC-B91F-B5C12D0C92CC}
		{36546059-04B9-492B-89D8-6480F4758EBD} = {6D5F8F68-4BF4-44B2-A286-69B540BCFD3E}
		{2B09CD4C-C444-4E55-8915-23C6AE40AE88} = {56CB3D8A-FDCE-4B0A-BA8F-37D133953BA0}
		{ED8AE0E6-32F8-4184-BD34-D4BCDA33F212} = {5A4C3D1F-6587-461F-896C-F29776FD019D}
		{40E05A44-1BB9-43E6-AC49-E5602D82BAA3} = {5A4C3D1F-6587-461F-896C-F29776FD019D}
	EndGlobalSection
EndGlobal
